
Microsoft Visual Studio Solution File, Format Version 12.00
# Visual Studio Version 17
VisualStudioVersion = 17.12.35707.178
MinimumVisualStudioVersion = 10.0.40219.1
Project("{FAE04EC0-301F-11D3-BF4B-00C04F79EFBC}") = "CDB.API", "CDB.Server\CDB.API.csproj", "{5CE04B8D-C400-426D-902E-F628E5795613}"
EndProject
Project("{54A90642-561A-4BB1-A94E-469ADEE60C69}") = "CDB.UI.Angular", "cdb.client\CDB.UI.Angular.esproj", "{972F5EA1-7690-45A5-AB01-6968B221DD77}"
EndProject
Project("{FAE04EC0-301F-11D3-BF4B-00C04F79EFBC}") = "CDB.Domain", "CDB.Domain\CDB.Domain.csproj", "{566B8C10-DEB4-49DE-B11D-8E544BE59C87}"
EndProject
Project("{FAE04EC0-301F-11D3-BF4B-00C04F79EFBC}") = "CDB.Application", "CDB.Application\CDB.Application.csproj", "{E2AB27EC-287F-4916-B900-A764A6CAEA11}"
EndProject
Project("{FAE04EC0-301F-11D3-BF4B-00C04F79EFBC}") = "CDB.Infra.Data.Fake", "CDB.Infra.Data.Fake\CDB.Infra.Data.Fake.csproj", "{DAA7D762-3D07-45FE-A52B-687C9703F007}"
EndProject
Project("{FAE04EC0-301F-11D3-BF4B-00C04F79EFBC}") = "CDB.Tests.Application.Unit", "CDB.Application.Tests\CDB.Tests.Application.Unit.csproj", "{E45A1E03-E2AA-4BAD-8D51-2625B3ACA5EF}"
EndProject
Global
	GlobalSection(SolutionConfigurationPlatforms) = preSolution
		Debug|Any CPU = Debug|Any CPU
		Release|Any CPU = Release|Any CPU
	EndGlobalSection
	GlobalSection(ProjectConfigurationPlatforms) = postSolution
		{5CE04B8D-C400-426D-902E-F628E5795613}.Debug|Any CPU.ActiveCfg = Debug|Any CPU
		{5CE04B8D-C400-426D-902E-F628E5795613}.Debug|Any CPU.Build.0 = Debug|Any CPU
		{5CE04B8D-C400-426D-902E-F628E5795613}.Release|Any CPU.ActiveCfg = Release|Any CPU
		{5CE04B8D-C400-426D-902E-F628E5795613}.Release|Any CPU.Build.0 = Release|Any CPU
		{972F5EA1-7690-45A5-AB01-6968B221DD77}.Debug|Any CPU.ActiveCfg = Debug|Any CPU
		{972F5EA1-7690-45A5-AB01-6968B221DD77}.Debug|Any CPU.Build.0 = Debug|Any CPU
		{972F5EA1-7690-45A5-AB01-6968B221DD77}.Debug|Any CPU.Deploy.0 = Debug|Any CPU
		{972F5EA1-7690-45A5-AB01-6968B221DD77}.Release|Any CPU.ActiveCfg = Release|Any CPU
		{972F5EA1-7690-45A5-AB01-6968B221DD77}.Release|Any CPU.Build.0 = Release|Any CPU
		{972F5EA1-7690-45A5-AB01-6968B221DD77}.Release|Any CPU.Deploy.0 = Release|Any CPU
		{566B8C10-DEB4-49DE-B11D-8E544BE59C87}.Debug|Any CPU.ActiveCfg = Debug|Any CPU
		{566B8C10-DEB4-49DE-B11D-8E544BE59C87}.Debug|Any CPU.Build.0 = Debug|Any CPU
		{566B8C10-DEB4-49DE-B11D-8E544BE59C87}.Release|Any CPU.ActiveCfg = Release|Any CPU
		{566B8C10-DEB4-49DE-B11D-8E544BE59C87}.Release|Any CPU.Build.0 = Release|Any CPU
		{E2AB27EC-287F-4916-B900-A764A6CAEA11}.Debug|Any CPU.ActiveCfg = Debug|Any CPU
		{E2AB27EC-287F-4916-B900-A764A6CAEA11}.Debug|Any CPU.Build.0 = Debug|Any CPU
		{E2AB27EC-287F-4916-B900-A764A6CAEA11}.Release|Any CPU.ActiveCfg = Release|Any CPU
		{E2AB27EC-287F-4916-B900-A764A6CAEA11}.Release|Any CPU.Build.0 = Release|Any CPU
		{DAA7D762-3D07-45FE-A52B-687C9703F007}.Debug|Any CPU.ActiveCfg = Debug|Any CPU
		{DAA7D762-3D07-45FE-A52B-687C9703F007}.Debug|Any CPU.Build.0 = Debug|Any CPU
		{DAA7D762-3D07-45FE-A52B-687C9703F007}.Release|Any CPU.ActiveCfg = Release|Any CPU
		{DAA7D762-3D07-45FE-A52B-687C9703F007}.Release|Any CPU.Build.0 = Release|Any CPU
		{E45A1E03-E2AA-4BAD-8D51-2625B3ACA5EF}.Debug|Any CPU.ActiveCfg = Debug|Any CPU
		{E45A1E03-E2AA-4BAD-8D51-2625B3ACA5EF}.Debug|Any CPU.Build.0 = Debug|Any CPU
		{E45A1E03-E2AA-4BAD-8D51-2625B3ACA5EF}.Release|Any CPU.ActiveCfg = Release|Any CPU
		{E45A1E03-E2AA-4BAD-8D51-2625B3ACA5EF}.Release|Any CPU.Build.0 = Release|Any CPU
	EndGlobalSection
	GlobalSection(SolutionProperties) = preSolution
		HideSolutionNode = FALSE
	EndGlobalSection
EndGlobal
